
Microsoft Visual Studio Solution File, Format Version 12.00
# Visual Studio 2012
Project("{00D1A9C2-B5F0-4AF3-8072-F6C62B433612}") = "ErDandJiaDB", "CloudSalesDB\ErDandJiaDB.sqlproj", "{86994CB6-735C-43CC-99F9-0E461EFB21A1}"
EndProject
Project("{00D1A9C2-B5F0-4AF3-8072-F6C62B433612}") = "IntFactoryDB", "YXDB\IntFactoryDB.sqlproj", "{44D829EF-6464-4BC3-ADB7-E6B80BF2AF7B}"
EndProject
Project("{00D1A9C2-B5F0-4AF3-8072-F6C62B433612}") = "Int.HelpCenterDB", "Int.HelpCenterDB\Int.HelpCenterDB.sqlproj", "{9FD09E57-D67B-41B1-A9BC-B24B2938432F}"
EndProject
Global
	GlobalSection(SolutionConfigurationPlatforms) = preSolution
		Debug|Any CPU = Debug|Any CPU
		Release|Any CPU = Release|Any CPU
	EndGlobalSection
	GlobalSection(ProjectConfigurationPlatforms) = postSolution
		{86994CB6-735C-43CC-99F9-0E461EFB21A1}.Debug|Any CPU.ActiveCfg = Debug|Any CPU
		{86994CB6-735C-43CC-99F9-0E461EFB21A1}.Debug|Any CPU.Build.0 = Debug|Any CPU
		{86994CB6-735C-43CC-99F9-0E461EFB21A1}.Debug|Any CPU.Deploy.0 = Debug|Any CPU
		{86994CB6-735C-43CC-99F9-0E461EFB21A1}.Release|Any CPU.ActiveCfg = Release|Any CPU
		{86994CB6-735C-43CC-99F9-0E461EFB21A1}.Release|Any CPU.Build.0 = Release|Any CPU
		{86994CB6-735C-43CC-99F9-0E461EFB21A1}.Release|Any CPU.Deploy.0 = Release|Any CPU
		{44D829EF-6464-4BC3-ADB7-E6B80BF2AF7B}.Debug|Any CPU.ActiveCfg = Debug|Any CPU
		{44D829EF-6464-4BC3-ADB7-E6B80BF2AF7B}.Debug|Any CPU.Build.0 = Debug|Any CPU
		{44D829EF-6464-4BC3-ADB7-E6B80BF2AF7B}.Debug|Any CPU.Deploy.0 = Debug|Any CPU
		{44D829EF-6464-4BC3-ADB7-E6B80BF2AF7B}.Release|Any CPU.ActiveCfg = Release|Any CPU
		{44D829EF-6464-4BC3-ADB7-E6B80BF2AF7B}.Release|Any CPU.Build.0 = Release|Any CPU
		{44D829EF-6464-4BC3-ADB7-E6B80BF2AF7B}.Release|Any CPU.Deploy.0 = Release|Any CPU
		{9FD09E57-D67B-41B1-A9BC-B24B2938432F}.Debug|Any CPU.ActiveCfg = Debug|Any CPU
		{9FD09E57-D67B-41B1-A9BC-B24B2938432F}.Debug|Any CPU.Build.0 = Debug|Any CPU
		{9FD09E57-D67B-41B1-A9BC-B24B2938432F}.Debug|Any CPU.Deploy.0 = Debug|Any CPU
		{9FD09E57-D67B-41B1-A9BC-B24B2938432F}.Release|Any CPU.ActiveCfg = Release|Any CPU
		{9FD09E57-D67B-41B1-A9BC-B24B2938432F}.Release|Any CPU.Build.0 = Release|Any CPU
		{9FD09E57-D67B-41B1-A9BC-B24B2938432F}.Release|Any CPU.Deploy.0 = Release|Any CPU
	EndGlobalSection
	GlobalSection(SolutionProperties) = preSolution
		HideSolutionNode = FALSE
	EndGlobalSection
EndGlobal
